// !$*UTF8*$!
{
	archiveVersion = 1;
	classes = {
	};
	objectVersion = 46;
	objects = {

/* Begin PBXBuildFile section */
		982B704117BDD536008C8E5C /* UIKit.framework in Frameworks */ = {isa = PBXBuildFile; fileRef = 982B704017BDD536008C8E5C /* UIKit.framework */; };
		982B704317BDD536008C8E5C /* Foundation.framework in Frameworks */ = {isa = PBXBuildFile; fileRef = 982B704217BDD536008C8E5C /* Foundation.framework */; };
		982B704517BDD536008C8E5C /* CoreGraphics.framework in Frameworks */ = {isa = PBXBuildFile; fileRef = 982B704417BDD536008C8E5C /* CoreGraphics.framework */; };
		982B704B17BDD536008C8E5C /* InfoPlist.strings in Resources */ = {isa = PBXBuildFile; fileRef = 982B704917BDD536008C8E5C /* InfoPlist.strings */; };
		982B704D17BDD536008C8E5C /* main.m in Sources */ = {isa = PBXBuildFile; fileRef = 982B704C17BDD536008C8E5C /* main.m */; };
		982B705317BDD536008C8E5C /* Default.png in Resources */ = {isa = PBXBuildFile; fileRef = 982B705217BDD536008C8E5C /* Default.png */; };
		982B705517BDD536008C8E5C /* Default@2x.png in Resources */ = {isa = PBXBuildFile; fileRef = 982B705417BDD536008C8E5C /* Default@2x.png */; };
		982B705717BDD536008C8E5C /* Default-568h@2x.png in Resources */ = {isa = PBXBuildFile; fileRef = 982B705617BDD536008C8E5C /* Default-568h@2x.png */; };
		982B708417BDDAA0008C8E5C /* AppDelegate.m in Sources */ = {isa = PBXBuildFile; fileRef = 982B707E17BDDAA0008C8E5C /* AppDelegate.m */; };
		982B708517BDDAA0008C8E5C /* CSL_Icon.jpg in Resources */ = {isa = PBXBuildFile; fileRef = 982B707F17BDDAA0008C8E5C /* CSL_Icon.jpg */; };
		982B708617BDDAA0008C8E5C /* ViewController.xib in Resources */ = {isa = PBXBuildFile; fileRef = 982B708017BDDAA0008C8E5C /* ViewController.xib */; };
		982B708717BDDAA0008C8E5C /* ViewController.m in Sources */ = {isa = PBXBuildFile; fileRef = 982B708317BDDAA0008C8E5C /* ViewController.m */; };
/* End PBXBuildFile section */

/* Begin PBXFileReference section */
		982B703D17BDD536008C8E5C /* AirPrint.app */ = {isa = PBXFileReference; explicitFileType = wrapper.application; includeInIndex = 0; path = AirPrint.app; sourceTree = BUILT_PRODUCTS_DIR; };
		982B704017BDD536008C8E5C /* UIKit.framework */ = {isa = PBXFileReference; lastKnownFileType = wrapper.framework; name = UIKit.framework; path = System/Library/Frameworks/UIKit.framework; sourceTree = SDKROOT; };
		982B704217BDD536008C8E5C /* Foundation.framework */ = {isa = PBXFileReference; lastKnownFileType = wrapper.framework; name = Foundation.framework; path = System/Library/Frameworks/Foundation.framework; sourceTree = SDKROOT; };
		982B704417BDD536008C8E5C /* CoreGraphics.framework */ = {isa = PBXFileReference; lastKnownFileType = wrapper.framework; name = CoreGraphics.framework; path = System/Library/Frameworks/CoreGraphics.framework; sourceTree = SDKROOT; };
		982B704817BDD536008C8E5C /* AirPrint-Info.plist */ = {isa = PBXFileReference; lastKnownFileType = text.plist.xml; path = "AirPrint-Info.plist"; sourceTree = "<group>"; };
		982B704A17BDD536008C8E5C /* en */ = {isa = PBXFileReference; lastKnownFileType = text.plist.strings; name = en; path = en.lproj/InfoPlist.strings; sourceTree = "<group>"; };
		982B704C17BDD536008C8E5C /* main.m */ = {isa = PBXFileReference; lastKnownFileType = sourcecode.c.objc; path = main.m; sourceTree = "<group>"; };
		982B704E17BDD536008C8E5C /* AirPrint-Prefix.pch */ = {isa = PBXFileReference; lastKnownFileType = sourcecode.c.h; path = "AirPrint-Prefix.pch"; sourceTree = "<group>"; };
		982B705217BDD536008C8E5C /* Default.png */ = {isa = PBXFileReference; lastKnownFileType = image.png; path = Default.png; sourceTree = "<group>"; };
		982B705417BDD536008C8E5C /* Default@2x.png */ = {isa = PBXFileReference; lastKnownFileType = image.png; path = "Default@2x.png"; sourceTree = "<group>"; };
		982B705617BDD536008C8E5C /* Default-568h@2x.png */ = {isa = PBXFileReference; lastKnownFileType = image.png; path = "Default-568h@2x.png"; sourceTree = "<group>"; };
		982B707D17BDDAA0008C8E5C /* AppDelegate.h */ = {isa = PBXFileReference; fileEncoding = 4; lastKnownFileType = sourcecode.c.h; path = AppDelegate.h; sourceTree = "<group>"; };
		982B707E17BDDAA0008C8E5C /* AppDelegate.m */ = {isa = PBXFileReference; fileEncoding = 4; lastKnownFileType = sourcecode.c.objc; path = AppDelegate.m; sourceTree = "<group>"; };
		982B707F17BDDAA0008C8E5C /* CSL_Icon.jpg */ = {isa = PBXFileReference; lastKnownFileType = image.jpeg; path = CSL_Icon.jpg; sourceTree = "<group>"; };
		982B708117BDDAA0008C8E5C /* en */ = {isa = PBXFileReference; lastKnownFileType = file.xib; name = en; path = en.lproj/ViewController.xib; sourceTree = "<group>"; };
		982B708217BDDAA0008C8E5C /* ViewController.h */ = {isa = PBXFileReference; fileEncoding = 4; lastKnownFileType = sourcecode.c.h; path = ViewController.h; sourceTree = "<group>"; };
		982B708317BDDAA0008C8E5C /* ViewController.m */ = {isa = PBXFileReference; fileEncoding = 4; lastKnownFileType = sourcecode.c.objc; path = ViewController.m; sourceTree = "<group>"; };
/* End PBXFileReference section */

/* Begin PBXFrameworksBuildPhase section */
		982B703A17BDD536008C8E5C /* Frameworks */ = {
			isa = PBXFrameworksBuildPhase;
			buildActionMask = 2147483647;
			files = (
				982B704117BDD536008C8E5C /* UIKit.framework in Frameworks */,
				982B704317BDD536008C8E5C /* Foundation.framework in Frameworks */,
				982B704517BDD536008C8E5C /* CoreGraphics.framework in Frameworks */,
			);
			runOnlyForDeploymentPostprocessing = 0;
		};
/* End PBXFrameworksBuildPhase section */

/* Begin PBXGroup section */
		982B703417BDD535008C8E5C = {
			isa = PBXGroup;
			children = (
				982B704617BDD536008C8E5C /* AirPrint */,
				982B703F17BDD536008C8E5C /* Frameworks */,
				982B703E17BDD536008C8E5C /* Products */,
			);
			sourceTree = "<group>";
		};
		982B703E17BDD536008C8E5C /* Products */ = {
			isa = PBXGroup;
			children = (
				982B703D17BDD536008C8E5C /* AirPrint.app */,
			);
			name = Products;
			sourceTree = "<group>";
		};
		982B703F17BDD536008C8E5C /* Frameworks */ = {
			isa = PBXGroup;
			children = (
				982B704017BDD536008C8E5C /* UIKit.framework */,
				982B704217BDD536008C8E5C /* Foundation.framework */,
				982B704417BDD536008C8E5C /* CoreGraphics.framework */,
			);
			name = Frameworks;
			sourceTree = "<group>";
		};
		982B704617BDD536008C8E5C /* AirPrint */ = {
			isa = PBXGroup;
			children = (
				982B707D17BDDAA0008C8E5C /* AppDelegate.h */,
				982B707E17BDDAA0008C8E5C /* AppDelegate.m */,
				982B707F17BDDAA0008C8E5C /* CSL_Icon.jpg */,
				982B708017BDDAA0008C8E5C /* ViewController.xib */,
				982B708217BDDAA0008C8E5C /* ViewController.h */,
				982B708317BDDAA0008C8E5C /* ViewController.m */,
				982B704717BDD536008C8E5C /* Supporting Files */,
			);
			path = AirPrint;
			sourceTree = "<group>";
		};
		982B704717BDD536008C8E5C /* Supporting Files */ = {
			isa = PBXGroup;
			children = (
				982B704817BDD536008C8E5C /* AirPrint-Info.plist */,
				982B704917BDD536008C8E5C /* InfoPlist.strings */,
				982B704C17BDD536008C8E5C /* main.m */,
				982B704E17BDD536008C8E5C /* AirPrint-Prefix.pch */,
				982B705217BDD536008C8E5C /* Default.png */,
				982B705417BDD536008C8E5C /* Default@2x.png */,
				982B705617BDD536008C8E5C /* Default-568h@2x.png */,
			);
			name = "Supporting Files";
			sourceTree = "<group>";
		};
/* End PBXGroup section */

/* Begin PBXNativeTarget section */
		982B703C17BDD536008C8E5C /* AirPrint */ = {
			isa = PBXNativeTarget;
			buildConfigurationList = 982B706017BDD536008C8E5C /* Build configuration list for PBXNativeTarget "AirPrint" */;
			buildPhases = (
				982B703917BDD536008C8E5C /* Sources */,
				982B703A17BDD536008C8E5C /* Frameworks */,
				982B703B17BDD536008C8E5C /* Resources */,
			);
			buildRules = (
			);
			dependencies = (
			);
			name = AirPrint;
			productName = AirPrint;
			productReference = 982B703D17BDD536008C8E5C /* AirPrint.app */;
			productType = "com.apple.product-type.application";
		};
/* End PBXNativeTarget section */

/* Begin PBXProject section */
		982B703517BDD536008C8E5C /* Project object */ = {
			isa = PBXProject;
			attributes = {
				LastUpgradeCheck = 0460;
				ORGANIZATIONNAME = Phuoc;
			};
			buildConfigurationList = 982B703817BDD536008C8E5C /* Build configuration list for PBXProject "AirPrint" */;
			compatibilityVersion = "Xcode 3.2";
			developmentRegion = English;
			hasScannedForEncodings = 0;
			knownRegions = (
				en,
			);
			mainGroup = 982B703417BDD535008C8E5C;
			productRefGroup = 982B703E17BDD536008C8E5C /* Products */;
			projectDirPath = "";
			projectRoot = "";
			targets = (
				982B703C17BDD536008C8E5C /* AirPrint */,
			);
		};
/* End PBXProject section */

/* Begin PBXResourcesBuildPhase section */
		982B703B17BDD536008C8E5C /* Resources */ = {
			isa = PBXResourcesBuildPhase;
			buildActionMask = 2147483647;
			files = (
				982B704B17BDD536008C8E5C /* InfoPlist.strings in Resources */,
				982B705317BDD536008C8E5C /* Default.png in Resources */,
				982B705517BDD536008C8E5C /* Default@2x.png in Resources */,
				982B705717BDD536008C8E5C /* Default-568h@2x.png in Resources */,
				982B708517BDDAA0008C8E5C /* CSL_Icon.jpg in Resources */,
				982B708617BDDAA0008C8E5C /* ViewController.xib in Resources */,
			);
			runOnlyForDeploymentPostprocessing = 0;
		};
/* End PBXResourcesBuildPhase section */

/* Begin PBXSourcesBuildPhase section */
		982B703917BDD536008C8E5C /* Sources */ = {
			isa = PBXSourcesBuildPhase;
			buildActionMask = 2147483647;
			files = (
				982B704D17BDD536008C8E5C /* main.m in Sources */,
				982B708417BDDAA0008C8E5C /* AppDelegate.m in Sources */,
				982B708717BDDAA0008C8E5C /* ViewController.m in Sources */,
			);
			runOnlyForDeploymentPostprocessing = 0;
		};
/* End PBXSourcesBuildPhase section */

/* Begin PBXVariantGroup section */
		982B704917BDD536008C8E5C /* InfoPlist.strings */ = {
			isa = PBXVariantGroup;
			children = (
				982B704A17BDD536008C8E5C /* en */,
			);
			name = InfoPlist.strings;
			sourceTree = "<group>";
		};
		982B708017BDDAA0008C8E5C /* ViewController.xib */ = {
			isa = PBXVariantGroup;
			children = (
				982B708117BDDAA0008C8E5C /* en */,
			);
			name = ViewController.xib;
			sourceTree = "<group>";
		};
/* End PBXVariantGroup section */

/* Begin XCBuildConfiguration section */
		982B705E17BDD536008C8E5C /* Debug */ = {
			isa = XCBuildConfiguration;
			buildSettings = {
				ALWAYS_SEARCH_USER_PATHS = NO;
				CLANG_CXX_LANGUAGE_STANDARD = "gnu++0x";
				CLANG_CXX_LIBRARY = "libc++";
				CLANG_WARN_CONSTANT_CONVERSION = YES;
				CLANG_WARN_EMPTY_BODY = YES;
				CLANG_WARN_ENUM_CONVERSION = YES;
				CLANG_WARN_INT_CONVERSION = YES;
				CLANG_WARN__DUPLICATE_METHOD_MATCH = YES;
				"CODE_SIGN_IDENTITY[sdk=iphoneos*]" = "iPhone Developer";
				COPY_PHASE_STRIP = NO;
				GCC_C_LANGUAGE_STANDARD = gnu99;
				GCC_DYNAMIC_NO_PIC = NO;
				GCC_OPTIMIZATION_LEVEL = 0;
				GCC_PREPROCESSOR_DEFINITIONS = (
					"DEBUG=1",
					"$(inherited)",
				);
				GCC_SYMBOLS_PRIVATE_EXTERN = NO;
				GCC_WARN_ABOUT_RETURN_TYPE = YES;
				GCC_WARN_UNINITIALIZED_AUTOS = YES;
				GCC_WARN_UNUSED_VARIABLE = YES;
				IPHONEOS_DEPLOYMENT_TARGET = 6.1;
				ONLY_ACTIVE_ARCH = YES;
				SDKROOT = iphoneos;
			};
			name = Debug;
		};
		982B705F17BDD536008C8E5C /* Release */ = {
			isa = XCBuildConfiguration;
			buildSettings = {
				ALWAYS_SEARCH_USER_PATHS = NO;
				CLANG_CXX_LANGUAGE_STANDARD = "gnu++0x";
				CLANG_CXX_LIBRARY = "libc++";
				CLANG_WARN_CONSTANT_CONVERSION = YES;
				CLANG_WARN_EMPTY_BODY = YES;
				CLANG_WARN_ENUM_CONVERSION = YES;
				CLANG_WARN_INT_CONVERSION = YES;
				CLANG_WARN__DUPLICATE_METHOD_MATCH = YES;
				"CODE_SIGN_IDENTITY[sdk=iphoneos*]" = "iPhone Developer";
				COPY_PHASE_STRIP = YES;
				GCC_C_LANGUAGE_STANDARD = gnu99;
				GCC_WARN_ABOUT_RETURN_TYPE = YES;
				GCC_WARN_UNINITIALIZED_AUTOS = YES;
				GCC_WARN_UNUSED_VARIABLE = YES;
				IPHONEOS_DEPLOYMENT_TARGET = 6.1;
				OTHER_CFLAGS = "-DNS_BLOCK_ASSERTIONS=1";
				SDKROOT = iphoneos;
				VALIDATE_PRODUCT = YES;
			};
			name = Release;
		};
		982B706117BDD536008C8E5C /* Debug */ = {
			isa = XCBuildConfiguration;
			buildSettings = {
				GCC_PRECOMPILE_PREFIX_HEADER = YES;
				GCC_PREFIX_HEADER = "AirPrint/AirPrint-Prefix.pch";
				INFOPLIST_FILE = "AirPrint/AirPrint-Info.plist";
				PRODUCT_NAME = "$(TARGET_NAME)";
				WRAPPER_EXTENSION = app;
			};
			name = Debug;
		};
		982B706217BDD536008C8E5C /* Release */ = {
			isa = XCBuildConfiguration;
			buildSettings = {
				GCC_PRECOMPILE_PREFIX_HEADER = YES;
				GCC_PREFIX_HEADER = "AirPrint/AirPrint-Prefix.pch";
				INFOPLIST_FILE = "AirPrint/AirPrint-Info.plist";
				PRODUCT_NAME = "$(TARGET_NAME)";
				WRAPPER_EXTENSION = app;
			};
			name = Release;
		};
/* End XCBuildConfiguration section */

/* Begin XCConfigurationList section */
		982B703817BDD536008C8E5C /* Build configuration list for PBXProject "AirPrint" */ = {
			isa = XCConfigurationList;
			buildConfigurations = (
				982B705E17BDD536008C8E5C /* Debug */,
				982B705F17BDD536008C8E5C /* Release */,
			);
			defaultConfigurationIsVisible = 0;
			defaultConfigurationName = Release;
		};
		982B706017BDD536008C8E5C /* Build configuration list for PBXNativeTarget "AirPrint" */ = {
			isa = XCConfigurationList;
			buildConfigurations = (
				982B706117BDD536008C8E5C /* Debug */,
				982B706217BDD536008C8E5C /* Release */,
			);
			defaultConfigurationIsVisible = 0;
		};
/* End XCConfigurationList section */
	};
	rootObject = 982B703517BDD536008C8E5C /* Project object */;
}
